
Microsoft Visual Studio Solution File, Format Version 12.00
# Visual Studio Version 16
VisualStudioVersion = 16.0.29709.97
MinimumVisualStudioVersion = 10.0.40219.1
Project("{FAE04EC0-301F-11D3-BF4B-00C04F79EFBC}") = "MongoDB", "MongoDB.csproj", "{4DBA04A4-52CD-49CF-8FA2-FCE83FD24E7E}"
EndProject
Global
	GlobalSection(SolutionConfigurationPlatforms) = preSolution
		Debug|Any CPU = Debug|Any CPU
		Release|Any CPU = Release|Any CPU
	EndGlobalSection
	GlobalSection(ProjectConfigurationPlatforms) = postSolution
		{4DBA04A4-52CD-49CF-8FA2-FCE83FD24E7E}.Debug|Any CPU.ActiveCfg = Debug|Any CPU
		{4DBA04A4-52CD-49CF-8FA2-FCE83FD24E7E}.Debug|Any CPU.Build.0 = Debug|Any CPU
		{4DBA04A4-52CD-49CF-8FA2-FCE83FD24E7E}.Release|Any CPU.ActiveCfg = Release|Any CPU
		{4DBA04A4-52CD-49CF-8FA2-FCE83FD24E7E}.Release|Any CPU.Build.0 = Release|Any CPU
	EndGlobalSection
	GlobalSection(SolutionProperties) = preSolution
		HideSolutionNode = FALSE
	EndGlobalSection
	GlobalSection(ExtensibilityGlobals) = postSolution
		SolutionGuid = {FBD65DD6-1768-4234-A487-634A88031701}
	EndGlobalSection
EndGlobal
